// !$*UTF8*$!
{
	archiveVersion = 1;
	classes = {
	};
	objectVersion = 46;
	objects = {

/* Begin PBXBuildFile section */
		17B148511D6A56E200CC9741 /* OperationsWrapper.m in Sources */ = {isa = PBXBuildFile; fileRef = 17B148501D6A56E200CC9741 /* OperationsWrapper.m */; };
		17BD22EA1E906973001F7600 /* background2.jpg in Resources */ = {isa = PBXBuildFile; fileRef = 17BD22E61E906973001F7600 /* background2.jpg */; };
		17BD22EB1E906973001F7600 /* background3.jpg in Resources */ = {isa = PBXBuildFile; fileRef = 17BD22E71E906973001F7600 /* background3.jpg */; };
		17BD22EC1E906973001F7600 /* background4.jpg in Resources */ = {isa = PBXBuildFile; fileRef = 17BD22E81E906973001F7600 /* background4.jpg */; };
		17D96A641C3988FF000738EB /* main.m in Sources */ = {isa = PBXBuildFile; fileRef = 17D96A631C3988FF000738EB /* main.m */; };
		17D96A671C3988FF000738EB /* AppDelegate.m in Sources */ = {isa = PBXBuildFile; fileRef = 17D96A661C3988FF000738EB /* AppDelegate.m */; };
		17D96A6A1C3988FF000738EB /* ViewController.m in Sources */ = {isa = PBXBuildFile; fileRef = 17D96A691C3988FF000738EB /* ViewController.m */; };
		17D96A6D1C3988FF000738EB /* Main.storyboard in Resources */ = {isa = PBXBuildFile; fileRef = 17D96A6B1C3988FF000738EB /* Main.storyboard */; };
		17D96A6F1C3988FF000738EB /* Assets.xcassets in Resources */ = {isa = PBXBuildFile; fileRef = 17D96A6E1C3988FF000738EB /* Assets.xcassets */; };
		17D96A721C3988FF000738EB /* LaunchScreen.storyboard in Resources */ = {isa = PBXBuildFile; fileRef = 17D96A701C3988FF000738EB /* LaunchScreen.storyboard */; };
		17D96A7D1C3988FF000738EB /* SViewCalculatorTests.m in Sources */ = {isa = PBXBuildFile; fileRef = 17D96A7C1C3988FF000738EB /* SViewCalculatorTests.m */; };
		17D96A881C3988FF000738EB /* SViewCalculatorUITests.m in Sources */ = {isa = PBXBuildFile; fileRef = 17D96A871C3988FF000738EB /* SViewCalculatorUITests.m */; };
		17D96A981C39DF17000738EB /* Constants.m in Sources */ = {isa = PBXBuildFile; fileRef = 17D96A971C39DF17000738EB /* Constants.m */; };
		9F6E689976D5C1447E7AA4E1 /* Pods_SViewCalculator.framework in Frameworks */ = {isa = PBXBuildFile; fileRef = 6E7E7D72202438A587D4EC4C /* Pods_SViewCalculator.framework */; };
		A99CAA55E63701028A377BCD /* Pods_SViewCalculatorUITests.framework in Frameworks */ = {isa = PBXBuildFile; fileRef = 3799E8020251C962FE4A6C10 /* Pods_SViewCalculatorUITests.framework */; };
		E5B02CBF6D68E6F1D41E7891 /* Pods_SViewCalculatorTests.framework in Frameworks */ = {isa = PBXBuildFile; fileRef = FF236CF59F9D4251FF60A6BF /* Pods_SViewCalculatorTests.framework */; };
/* End PBXBuildFile section */

/* Begin PBXContainerItemProxy section */
		17D96A791C3988FF000738EB /* PBXContainerItemProxy */ = {
			isa = PBXContainerItemProxy;
			containerPortal = 17D96A571C3988FF000738EB /* Project object */;
			proxyType = 1;
			remoteGlobalIDString = 17D96A5E1C3988FF000738EB;
			remoteInfo = SViewCalculator;
		};
		17D96A841C3988FF000738EB /* PBXContainerItemProxy */ = {
			isa = PBXContainerItemProxy;
			containerPortal = 17D96A571C3988FF000738EB /* Project object */;
			proxyType = 1;
			remoteGlobalIDString = 17D96A5E1C3988FF000738EB;
			remoteInfo = SViewCalculator;
		};
/* End PBXContainerItemProxy section */

/* Begin PBXFileReference section */
		17076C321C3B346000CB88BD /* Constants.h */ = {isa = PBXFileReference; lastKnownFileType = sourcecode.c.h; path = Constants.h; sourceTree = "<group>"; };
		17B148501D6A56E200CC9741 /* OperationsWrapper.m */ = {isa = PBXFileReference; fileEncoding = 4; lastKnownFileType = sourcecode.c.objc; path = OperationsWrapper.m; sourceTree = "<group>"; };
		17B148521D6A570000CC9741 /* OperationsWrapper.h */ = {isa = PBXFileReference; lastKnownFileType = sourcecode.c.h; path = OperationsWrapper.h; sourceTree = "<group>"; };
		17BD22E61E906973001F7600 /* background2.jpg */ = {isa = PBXFileReference; lastKnownFileType = image.jpeg; name = background2.jpg; path = Assets.xcassets/background2.jpg; sourceTree = "<group>"; };
		17BD22E71E906973001F7600 /* background3.jpg */ = {isa = PBXFileReference; lastKnownFileType = image.jpeg; name = background3.jpg; path = Assets.xcassets/background3.jpg; sourceTree = "<group>"; };
		17BD22E81E906973001F7600 /* background4.jpg */ = {isa = PBXFileReference; lastKnownFileType = image.jpeg; name = background4.jpg; path = Assets.xcassets/background4.jpg; sourceTree = "<group>"; };
		17D96A5F1C3988FF000738EB /* SViewCalculator.app */ = {isa = PBXFileReference; explicitFileType = wrapper.application; includeInIndex = 0; path = SViewCalculator.app; sourceTree = BUILT_PRODUCTS_DIR; };
		17D96A631C3988FF000738EB /* main.m */ = {isa = PBXFileReference; lastKnownFileType = sourcecode.c.objc; path = main.m; sourceTree = "<group>"; };
		17D96A651C3988FF000738EB /* AppDelegate.h */ = {isa = PBXFileReference; lastKnownFileType = sourcecode.c.h; path = AppDelegate.h; sourceTree = "<group>"; };
		17D96A661C3988FF000738EB /* AppDelegate.m */ = {isa = PBXFileReference; lastKnownFileType = sourcecode.c.objc; path = AppDelegate.m; sourceTree = "<group>"; };
		17D96A681C3988FF000738EB /* ViewController.h */ = {isa = PBXFileReference; lastKnownFileType = sourcecode.c.h; path = ViewController.h; sourceTree = "<group>"; };
		17D96A691C3988FF000738EB /* ViewController.m */ = {isa = PBXFileReference; lastKnownFileType = sourcecode.c.objc; path = ViewController.m; sourceTree = "<group>"; };
		17D96A6C1C3988FF000738EB /* Base */ = {isa = PBXFileReference; lastKnownFileType = file.storyboard; name = Base; path = Base.lproj/Main.storyboard; sourceTree = "<group>"; };
		17D96A6E1C3988FF000738EB /* Assets.xcassets */ = {isa = PBXFileReference; lastKnownFileType = folder.assetcatalog; path = Assets.xcassets; sourceTree = "<group>"; };
		17D96A711C3988FF000738EB /* Base */ = {isa = PBXFileReference; lastKnownFileType = file.storyboard; name = Base; path = Base.lproj/LaunchScreen.storyboard; sourceTree = "<group>"; };
		17D96A731C3988FF000738EB /* Info.plist */ = {isa = PBXFileReference; lastKnownFileType = text.plist.xml; path = Info.plist; sourceTree = "<group>"; };
		17D96A781C3988FF000738EB /* SViewCalculatorTests.xctest */ = {isa = PBXFileReference; explicitFileType = wrapper.cfbundle; includeInIndex = 0; path = SViewCalculatorTests.xctest; sourceTree = BUILT_PRODUCTS_DIR; };
		17D96A7C1C3988FF000738EB /* SViewCalculatorTests.m */ = {isa = PBXFileReference; lastKnownFileType = sourcecode.c.objc; path = SViewCalculatorTests.m; sourceTree = "<group>"; };
		17D96A7E1C3988FF000738EB /* Info.plist */ = {isa = PBXFileReference; lastKnownFileType = text.plist.xml; path = Info.plist; sourceTree = "<group>"; };
		17D96A831C3988FF000738EB /* SViewCalculatorUITests.xctest */ = {isa = PBXFileReference; explicitFileType = wrapper.cfbundle; includeInIndex = 0; path = SViewCalculatorUITests.xctest; sourceTree = BUILT_PRODUCTS_DIR; };
		17D96A871C3988FF000738EB /* SViewCalculatorUITests.m */ = {isa = PBXFileReference; lastKnownFileType = sourcecode.c.objc; path = SViewCalculatorUITests.m; sourceTree = "<group>"; };
		17D96A891C3988FF000738EB /* Info.plist */ = {isa = PBXFileReference; lastKnownFileType = text.plist.xml; path = Info.plist; sourceTree = "<group>"; };
		17D96A961C39A7C4000738EB /* en */ = {isa = PBXFileReference; lastKnownFileType = text.plist.strings; name = en; path = en.lproj/Main.strings; sourceTree = "<group>"; };
		17D96A971C39DF17000738EB /* Constants.m */ = {isa = PBXFileReference; fileEncoding = 4; lastKnownFileType = sourcecode.c.objc; path = Constants.m; sourceTree = "<group>"; };
		3799E8020251C962FE4A6C10 /* Pods_SViewCalculatorUITests.framework */ = {isa = PBXFileReference; explicitFileType = wrapper.framework; includeInIndex = 0; path = Pods_SViewCalculatorUITests.framework; sourceTree = BUILT_PRODUCTS_DIR; };
		3DE82F0C58D0A819AF4457AC /* Pods-SViewCalculatorTests.release.xcconfig */ = {isa = PBXFileReference; includeInIndex = 1; lastKnownFileType = text.xcconfig; name = "Pods-SViewCalculatorTests.release.xcconfig"; path = "Pods/Target Support Files/Pods-SViewCalculatorTests/Pods-SViewCalculatorTests.release.xcconfig"; sourceTree = "<group>"; };
		4AFFC76CAB4A6F60FBD4FE98 /* Pods-SViewCalculatorUITests.release.xcconfig */ = {isa = PBXFileReference; includeInIndex = 1; lastKnownFileType = text.xcconfig; name = "Pods-SViewCalculatorUITests.release.xcconfig"; path = "Pods/Target Support Files/Pods-SViewCalculatorUITests/Pods-SViewCalculatorUITests.release.xcconfig"; sourceTree = "<group>"; };
		5CD3FE1262EDB1FC0800A685 /* Pods-SViewCalculator.release.xcconfig */ = {isa = PBXFileReference; includeInIndex = 1; lastKnownFileType = text.xcconfig; name = "Pods-SViewCalculator.release.xcconfig"; path = "Pods/Target Support Files/Pods-SViewCalculator/Pods-SViewCalculator.release.xcconfig"; sourceTree = "<group>"; };
		655C564DDB97E76F00B98038 /* Pods-SViewCalculator.debug.xcconfig */ = {isa = PBXFileReference; includeInIndex = 1; lastKnownFileType = text.xcconfig; name = "Pods-SViewCalculator.debug.xcconfig"; path = "Pods/Target Support Files/Pods-SViewCalculator/Pods-SViewCalculator.debug.xcconfig"; sourceTree = "<group>"; };
		6E7E7D72202438A587D4EC4C /* Pods_SViewCalculator.framework */ = {isa = PBXFileReference; explicitFileType = wrapper.framework; includeInIndex = 0; path = Pods_SViewCalculator.framework; sourceTree = BUILT_PRODUCTS_DIR; };
		D9554B6AEF15229C27EDE54D /* Pods-SViewCalculatorUITests.debug.xcconfig */ = {isa = PBXFileReference; includeInIndex = 1; lastKnownFileType = text.xcconfig; name = "Pods-SViewCalculatorUITests.debug.xcconfig"; path = "Pods/Target Support Files/Pods-SViewCalculatorUITests/Pods-SViewCalculatorUITests.debug.xcconfig"; sourceTree = "<group>"; };
		FCAE98038E26E512DEF711B9 /* Pods-SViewCalculatorTests.debug.xcconfig */ = {isa = PBXFileReference; includeInIndex = 1; lastKnownFileType = text.xcconfig; name = "Pods-SViewCalculatorTests.debug.xcconfig"; path = "Pods/Target Support Files/Pods-SViewCalculatorTests/Pods-SViewCalculatorTests.debug.xcconfig"; sourceTree = "<group>"; };
		FF236CF59F9D4251FF60A6BF /* Pods_SViewCalculatorTests.framework */ = {isa = PBXFileReference; explicitFileType = wrapper.framework; includeInIndex = 0; path = Pods_SViewCalculatorTests.framework; sourceTree = BUILT_PRODUCTS_DIR; };
/* End PBXFileReference section */

/* Begin PBXFrameworksBuildPhase section */
		17D96A5C1C3988FF000738EB /* Frameworks */ = {
			isa = PBXFrameworksBuildPhase;
			buildActionMask = 2147483647;
			files = (
				9F6E689976D5C1447E7AA4E1 /* Pods_SViewCalculator.framework in Frameworks */,
			);
			runOnlyForDeploymentPostprocessing = 0;
		};
		17D96A751C3988FF000738EB /* Frameworks */ = {
			isa = PBXFrameworksBuildPhase;
			buildActionMask = 2147483647;
			files = (
				E5B02CBF6D68E6F1D41E7891 /* Pods_SViewCalculatorTests.framework in Frameworks */,
			);
			runOnlyForDeploymentPostprocessing = 0;
		};
		17D96A801C3988FF000738EB /* Frameworks */ = {
			isa = PBXFrameworksBuildPhase;
			buildActionMask = 2147483647;
			files = (
				A99CAA55E63701028A377BCD /* Pods_SViewCalculatorUITests.framework in Frameworks */,
			);
			runOnlyForDeploymentPostprocessing = 0;
		};
/* End PBXFrameworksBuildPhase section */

/* Begin PBXGroup section */
		17D96A561C3988FF000738EB = {
			isa = PBXGroup;
			children = (
				17D96A611C3988FF000738EB /* SViewCalculator */,
				17D96A7B1C3988FF000738EB /* SViewCalculatorTests */,
				17D96A861C3988FF000738EB /* SViewCalculatorUITests */,
				17D96A601C3988FF000738EB /* Products */,
				DAE1BED1563212A3534CCE59 /* Pods */,
				1806D4C3E4A2A81F7D51AC0C /* Frameworks */,
			);
			sourceTree = "<group>";
		};
		17D96A601C3988FF000738EB /* Products */ = {
			isa = PBXGroup;
			children = (
				17D96A5F1C3988FF000738EB /* SViewCalculator.app */,
				17D96A781C3988FF000738EB /* SViewCalculatorTests.xctest */,
				17D96A831C3988FF000738EB /* SViewCalculatorUITests.xctest */,
			);
			name = Products;
			sourceTree = "<group>";
		};
		17D96A611C3988FF000738EB /* SViewCalculator */ = {
			isa = PBXGroup;
			children = (
				17F6313C1E7626B500B8C766 /* Assets */,
				17D96A651C3988FF000738EB /* AppDelegate.h */,
				17D96A661C3988FF000738EB /* AppDelegate.m */,
				17D96A681C3988FF000738EB /* ViewController.h */,
				17D96A691C3988FF000738EB /* ViewController.m */,
				17D96A6B1C3988FF000738EB /* Main.storyboard */,
				17D96A6E1C3988FF000738EB /* Assets.xcassets */,
				17D96A701C3988FF000738EB /* LaunchScreen.storyboard */,
				17D96A731C3988FF000738EB /* Info.plist */,
				17D96A621C3988FF000738EB /* Supporting Files */,
			);
			path = SViewCalculator;
			sourceTree = "<group>";
		};
		17D96A621C3988FF000738EB /* Supporting Files */ = {
			isa = PBXGroup;
			children = (
				17D96A631C3988FF000738EB /* main.m */,
				17D96A971C39DF17000738EB /* Constants.m */,
				17076C321C3B346000CB88BD /* Constants.h */,
				17B148501D6A56E200CC9741 /* OperationsWrapper.m */,
				17B148521D6A570000CC9741 /* OperationsWrapper.h */,
			);
			name = "Supporting Files";
			sourceTree = "<group>";
		};
		17D96A7B1C3988FF000738EB /* SViewCalculatorTests */ = {
			isa = PBXGroup;
			children = (
				17D96A7C1C3988FF000738EB /* SViewCalculatorTests.m */,
				17D96A7E1C3988FF000738EB /* Info.plist */,
			);
			path = SViewCalculatorTests;
			sourceTree = "<group>";
		};
		17D96A861C3988FF000738EB /* SViewCalculatorUITests */ = {
			isa = PBXGroup;
			children = (
				17D96A871C3988FF000738EB /* SViewCalculatorUITests.m */,
				17D96A891C3988FF000738EB /* Info.plist */,
			);
			path = SViewCalculatorUITests;
			sourceTree = "<group>";
		};
		17F6313C1E7626B500B8C766 /* Assets */ = {
			isa = PBXGroup;
			children = (
				17BD22E61E906973001F7600 /* background2.jpg */,
				17BD22E71E906973001F7600 /* background3.jpg */,
				17BD22E81E906973001F7600 /* background4.jpg */,
			);
			name = Assets;
			sourceTree = "<group>";
		};
		1806D4C3E4A2A81F7D51AC0C /* Frameworks */ = {
			isa = PBXGroup;
			children = (
				6E7E7D72202438A587D4EC4C /* Pods_SViewCalculator.framework */,
				FF236CF59F9D4251FF60A6BF /* Pods_SViewCalculatorTests.framework */,
				3799E8020251C962FE4A6C10 /* Pods_SViewCalculatorUITests.framework */,
			);
			name = Frameworks;
			sourceTree = "<group>";
		};
		DAE1BED1563212A3534CCE59 /* Pods */ = {
			isa = PBXGroup;
			children = (
				655C564DDB97E76F00B98038 /* Pods-SViewCalculator.debug.xcconfig */,
				5CD3FE1262EDB1FC0800A685 /* Pods-SViewCalculator.release.xcconfig */,
				FCAE98038E26E512DEF711B9 /* Pods-SViewCalculatorTests.debug.xcconfig */,
				3DE82F0C58D0A819AF4457AC /* Pods-SViewCalculatorTests.release.xcconfig */,
				D9554B6AEF15229C27EDE54D /* Pods-SViewCalculatorUITests.debug.xcconfig */,
				4AFFC76CAB4A6F60FBD4FE98 /* Pods-SViewCalculatorUITests.release.xcconfig */,
			);
			name = Pods;
			sourceTree = "<group>";
		};
/* End PBXGroup section */

/* Begin PBXNativeTarget section */
		17D96A5E1C3988FF000738EB /* SViewCalculator */ = {
			isa = PBXNativeTarget;
			buildConfigurationList = 17D96A8C1C3988FF000738EB /* Build configuration list for PBXNativeTarget "SViewCalculator" */;
			buildPhases = (
				6AA1EE85BA38D5E33CCF25B6 /* [CP] Check Pods Manifest.lock */,
				17D96A5B1C3988FF000738EB /* Sources */,
				17D96A5C1C3988FF000738EB /* Frameworks */,
				17D96A5D1C3988FF000738EB /* Resources */,
				14935A158411E67BC06590D6 /* [CP] Embed Pods Frameworks */,
				7095ABF7A59DA656836720E2 /* [CP] Copy Pods Resources */,
			);
			buildRules = (
			);
			dependencies = (
			);
			name = SViewCalculator;
			productName = SViewCalculator;
			productReference = 17D96A5F1C3988FF000738EB /* SViewCalculator.app */;
			productType = "com.apple.product-type.application";
		};
		17D96A771C3988FF000738EB /* SViewCalculatorTests */ = {
			isa = PBXNativeTarget;
			buildConfigurationList = 17D96A8F1C3988FF000738EB /* Build configuration list for PBXNativeTarget "SViewCalculatorTests" */;
			buildPhases = (
				35043DB14AC871A99EE787B9 /* [CP] Check Pods Manifest.lock */,
				17D96A741C3988FF000738EB /* Sources */,
				17D96A751C3988FF000738EB /* Frameworks */,
				17D96A761C3988FF000738EB /* Resources */,
				EE1147993C18EEF90AD3B026 /* [CP] Embed Pods Frameworks */,
				BA4B30164D7584D3242A6864 /* [CP] Copy Pods Resources */,
			);
			buildRules = (
			);
			dependencies = (
				17D96A7A1C3988FF000738EB /* PBXTargetDependency */,
			);
			name = SViewCalculatorTests;
			productName = SViewCalculatorTests;
			productReference = 17D96A781C3988FF000738EB /* SViewCalculatorTests.xctest */;
			productType = "com.apple.product-type.bundle.unit-test";
		};
		17D96A821C3988FF000738EB /* SViewCalculatorUITests */ = {
			isa = PBXNativeTarget;
			buildConfigurationList = 17D96A921C3988FF000738EB /* Build configuration list for PBXNativeTarget "SViewCalculatorUITests" */;
			buildPhases = (
				82726E9BB92A5D0D082C2C3C /* [CP] Check Pods Manifest.lock */,
				17D96A7F1C3988FF000738EB /* Sources */,
				17D96A801C3988FF000738EB /* Frameworks */,
				17D96A811C3988FF000738EB /* Resources */,
				9FDD5CB87F2C79E33B2ADD89 /* [CP] Embed Pods Frameworks */,
				E8628D492F5B8EC98900DD44 /* [CP] Copy Pods Resources */,
			);
			buildRules = (
			);
			dependencies = (
				17D96A851C3988FF000738EB /* PBXTargetDependency */,
			);
			name = SViewCalculatorUITests;
			productName = SViewCalculatorUITests;
			productReference = 17D96A831C3988FF000738EB /* SViewCalculatorUITests.xctest */;
			productType = "com.apple.product-type.bundle.ui-testing";
		};
/* End PBXNativeTarget section */

/* Begin PBXProject section */
		17D96A571C3988FF000738EB /* Project object */ = {
			isa = PBXProject;
			attributes = {
				LastUpgradeCheck = 0800;
				ORGANIZATIONNAME = "Alex Georgescu";
				TargetAttributes = {
					17D96A5E1C3988FF000738EB = {
						CreatedOnToolsVersion = 7.2;
						DevelopmentTeam = NF4QVG3KR9;
					};
					17D96A771C3988FF000738EB = {
						CreatedOnToolsVersion = 7.2;
						DevelopmentTeam = NF4QVG3KR9;
						TestTargetID = 17D96A5E1C3988FF000738EB;
					};
					17D96A821C3988FF000738EB = {
						CreatedOnToolsVersion = 7.2;
						DevelopmentTeam = NF4QVG3KR9;
						TestTargetID = 17D96A5E1C3988FF000738EB;
					};
				};
			};
			buildConfigurationList = 17D96A5A1C3988FF000738EB /* Build configuration list for PBXProject "SViewCalculator" */;
			compatibilityVersion = "Xcode 3.2";
			developmentRegion = English;
			hasScannedForEncodings = 0;
			knownRegions = (
				en,
				Base,
			);
			mainGroup = 17D96A561C3988FF000738EB;
			productRefGroup = 17D96A601C3988FF000738EB /* Products */;
			projectDirPath = "";
			projectRoot = "";
			targets = (
				17D96A5E1C3988FF000738EB /* SViewCalculator */,
				17D96A771C3988FF000738EB /* SViewCalculatorTests */,
				17D96A821C3988FF000738EB /* SViewCalculatorUITests */,
			);
		};
/* End PBXProject section */

/* Begin PBXResourcesBuildPhase section */
		17D96A5D1C3988FF000738EB /* Resources */ = {
			isa = PBXResourcesBuildPhase;
			buildActionMask = 2147483647;
			files = (
				17D96A721C3988FF000738EB /* LaunchScreen.storyboard in Resources */,
				17BD22EB1E906973001F7600 /* background3.jpg in Resources */,
				17BD22EC1E906973001F7600 /* background4.jpg in Resources */,
				17BD22EA1E906973001F7600 /* background2.jpg in Resources */,
				17D96A6F1C3988FF000738EB /* Assets.xcassets in Resources */,
				17D96A6D1C3988FF000738EB /* Main.storyboard in Resources */,
			);
			runOnlyForDeploymentPostprocessing = 0;
		};
		17D96A761C3988FF000738EB /* Resources */ = {
			isa = PBXResourcesBuildPhase;
			buildActionMask = 2147483647;
			files = (
			);
			runOnlyForDeploymentPostprocessing = 0;
		};
		17D96A811C3988FF000738EB /* Resources */ = {
			isa = PBXResourcesBuildPhase;
			buildActionMask = 2147483647;
			files = (
			);
			runOnlyForDeploymentPostprocessing = 0;
		};
/* End PBXResourcesBuildPhase section */

/* Begin PBXShellScriptBuildPhase section */
		14935A158411E67BC06590D6 /* [CP] Embed Pods Frameworks */ = {
			isa = PBXShellScriptBuildPhase;
			buildActionMask = 2147483647;
			files = (
			);
			inputPaths = (
			);
			name = "[CP] Embed Pods Frameworks";
			outputPaths = (
			);
			runOnlyForDeploymentPostprocessing = 0;
			shellPath = /bin/sh;
			shellScript = "\"${SRCROOT}/Pods/Target Support Files/Pods-SViewCalculator/Pods-SViewCalculator-frameworks.sh\"\n";
			showEnvVarsInLog = 0;
		};
		35043DB14AC871A99EE787B9 /* [CP] Check Pods Manifest.lock */ = {
			isa = PBXShellScriptBuildPhase;
			buildActionMask = 2147483647;
			files = (
			);
			inputPaths = (
			);
			name = "[CP] Check Pods Manifest.lock";
			outputPaths = (
			);
			runOnlyForDeploymentPostprocessing = 0;
			shellPath = /bin/sh;
			shellScript = "diff \"${PODS_ROOT}/../Podfile.lock\" \"${PODS_ROOT}/Manifest.lock\" > /dev/null\nif [ $? != 0 ] ; then\n    # print error to STDERR\n    echo \"error: The sandbox is not in sync with the Podfile.lock. Run 'pod install' or update your CocoaPods installation.\" >&2\n    exit 1\nfi\n";
			showEnvVarsInLog = 0;
		};
		6AA1EE85BA38D5E33CCF25B6 /* [CP] Check Pods Manifest.lock */ = {
			isa = PBXShellScriptBuildPhase;
			buildActionMask = 2147483647;
			files = (
			);
			inputPaths = (
			);
			name = "[CP] Check Pods Manifest.lock";
			outputPaths = (
			);
			runOnlyForDeploymentPostprocessing = 0;
			shellPath = /bin/sh;
			shellScript = "diff \"${PODS_ROOT}/../Podfile.lock\" \"${PODS_ROOT}/Manifest.lock\" > /dev/null\nif [ $? != 0 ] ; then\n    # print error to STDERR\n    echo \"error: The sandbox is not in sync with the Podfile.lock. Run 'pod install' or update your CocoaPods installation.\" >&2\n    exit 1\nfi\n";
			showEnvVarsInLog = 0;
		};
		7095ABF7A59DA656836720E2 /* [CP] Copy Pods Resources */ = {
			isa = PBXShellScriptBuildPhase;
			buildActionMask = 2147483647;
			files = (
			);
			inputPaths = (
			);
			name = "[CP] Copy Pods Resources";
			outputPaths = (
			);
			runOnlyForDeploymentPostprocessing = 0;
			shellPath = /bin/sh;
			shellScript = "\"${SRCROOT}/Pods/Target Support Files/Pods-SViewCalculator/Pods-SViewCalculator-resources.sh\"\n";
			showEnvVarsInLog = 0;
		};
		82726E9BB92A5D0D082C2C3C /* [CP] Check Pods Manifest.lock */ = {
			isa = PBXShellScriptBuildPhase;
			buildActionMask = 2147483647;
			files = (
			);
			inputPaths = (
			);
			name = "[CP] Check Pods Manifest.lock";
			outputPaths = (
			);
			runOnlyForDeploymentPostprocessing = 0;
			shellPath = /bin/sh;
			shellScript = "diff \"${PODS_ROOT}/../Podfile.lock\" \"${PODS_ROOT}/Manifest.lock\" > /dev/null\nif [ $? != 0 ] ; then\n    # print error to STDERR\n    echo \"error: The sandbox is not in sync with the Podfile.lock. Run 'pod install' or update your CocoaPods installation.\" >&2\n    exit 1\nfi\n";
			showEnvVarsInLog = 0;
		};
		9FDD5CB87F2C79E33B2ADD89 /* [CP] Embed Pods Frameworks */ = {
			isa = PBXShellScriptBuildPhase;
			buildActionMask = 2147483647;
			files = (
			);
			inputPaths = (
			);
			name = "[CP] Embed Pods Frameworks";
			outputPaths = (
			);
			runOnlyForDeploymentPostprocessing = 0;
			shellPath = /bin/sh;
			shellScript = "\"${SRCROOT}/Pods/Target Support Files/Pods-SViewCalculatorUITests/Pods-SViewCalculatorUITests-frameworks.sh\"\n";
			showEnvVarsInLog = 0;
		};
		BA4B30164D7584D3242A6864 /* [CP] Copy Pods Resources */ = {
			isa = PBXShellScriptBuildPhase;
			buildActionMask = 2147483647;
			files = (
			);
			inputPaths = (
			);
			name = "[CP] Copy Pods Resources";
			outputPaths = (
			);
			runOnlyForDeploymentPostprocessing = 0;
			shellPath = /bin/sh;
			shellScript = "\"${SRCROOT}/Pods/Target Support Files/Pods-SViewCalculatorTests/Pods-SViewCalculatorTests-resources.sh\"\n";
			showEnvVarsInLog = 0;
		};
		E8628D492F5B8EC98900DD44 /* [CP] Copy Pods Resources */ = {
			isa = PBXShellScriptBuildPhase;
			buildActionMask = 2147483647;
			files = (
			);
			inputPaths = (
			);
			name = "[CP] Copy Pods Resources";
			outputPaths = (
			);
			runOnlyForDeploymentPostprocessing = 0;
			shellPath = /bin/sh;
			shellScript = "\"${SRCROOT}/Pods/Target Support Files/Pods-SViewCalculatorUITests/Pods-SViewCalculatorUITests-resources.sh\"\n";
			showEnvVarsInLog = 0;
		};
		EE1147993C18EEF90AD3B026 /* [CP] Embed Pods Frameworks */ = {
			isa = PBXShellScriptBuildPhase;
			buildActionMask = 2147483647;
			files = (
			);
			inputPaths = (
			);
			name = "[CP] Embed Pods Frameworks";
			outputPaths = (
			);
			runOnlyForDeploymentPostprocessing = 0;
			shellPath = /bin/sh;
			shellScript = "\"${SRCROOT}/Pods/Target Support Files/Pods-SViewCalculatorTests/Pods-SViewCalculatorTests-frameworks.sh\"\n";
			showEnvVarsInLog = 0;
		};
/* End PBXShellScriptBuildPhase section */

/* Begin PBXSourcesBuildPhase section */
		17D96A5B1C3988FF000738EB /* Sources */ = {
			isa = PBXSourcesBuildPhase;
			buildActionMask = 2147483647;
			files = (
				17B148511D6A56E200CC9741 /* OperationsWrapper.m in Sources */,
				17D96A6A1C3988FF000738EB /* ViewController.m in Sources */,
				17D96A671C3988FF000738EB /* AppDelegate.m in Sources */,
				17D96A641C3988FF000738EB /* main.m in Sources */,
				17D96A981C39DF17000738EB /* Constants.m in Sources */,
			);
			runOnlyForDeploymentPostprocessing = 0;
		};
		17D96A741C3988FF000738EB /* Sources */ = {
			isa = PBXSourcesBuildPhase;
			buildActionMask = 2147483647;
			files = (
				17D96A7D1C3988FF000738EB /* SViewCalculatorTests.m in Sources */,
			);
			runOnlyForDeploymentPostprocessing = 0;
		};
		17D96A7F1C3988FF000738EB /* Sources */ = {
			isa = PBXSourcesBuildPhase;
			buildActionMask = 2147483647;
			files = (
				17D96A881C3988FF000738EB /* SViewCalculatorUITests.m in Sources */,
			);
			runOnlyForDeploymentPostprocessing = 0;
		};
/* End PBXSourcesBuildPhase section */

/* Begin PBXTargetDependency section */
		17D96A7A1C3988FF000738EB /* PBXTargetDependency */ = {
			isa = PBXTargetDependency;
			target = 17D96A5E1C3988FF000738EB /* SViewCalculator */;
			targetProxy = 17D96A791C3988FF000738EB /* PBXContainerItemProxy */;
		};
		17D96A851C3988FF000738EB /* PBXTargetDependency */ = {
			isa = PBXTargetDependency;
			target = 17D96A5E1C3988FF000738EB /* SViewCalculator */;
			targetProxy = 17D96A841C3988FF000738EB /* PBXContainerItemProxy */;
		};
/* End PBXTargetDependency section */

/* Begin PBXVariantGroup section */
		17D96A6B1C3988FF000738EB /* Main.storyboard */ = {
			isa = PBXVariantGroup;
			children = (
				17D96A6C1C3988FF000738EB /* Base */,
				17D96A961C39A7C4000738EB /* en */,
			);
			name = Main.storyboard;
			sourceTree = "<group>";
		};
		17D96A701C3988FF000738EB /* LaunchScreen.storyboard */ = {
			isa = PBXVariantGroup;
			children = (
				17D96A711C3988FF000738EB /* Base */,
			);
			name = LaunchScreen.storyboard;
			sourceTree = "<group>";
		};
/* End PBXVariantGroup section */

/* Begin XCBuildConfiguration section */
		17D96A8A1C3988FF000738EB /* Debug */ = {
			isa = XCBuildConfiguration;
			buildSettings = {
				ALWAYS_SEARCH_USER_PATHS = NO;
				CLANG_CXX_LANGUAGE_STANDARD = "gnu++0x";
				CLANG_CXX_LIBRARY = "libc++";
				CLANG_ENABLE_MODULES = YES;
				CLANG_ENABLE_OBJC_ARC = YES;
				CLANG_WARN_BOOL_CONVERSION = YES;
				CLANG_WARN_CONSTANT_CONVERSION = YES;
				CLANG_WARN_DIRECT_OBJC_ISA_USAGE = YES_ERROR;
				CLANG_WARN_EMPTY_BODY = YES;
				CLANG_WARN_ENUM_CONVERSION = YES;
				CLANG_WARN_INFINITE_RECURSION = YES;
				CLANG_WARN_INT_CONVERSION = YES;
				CLANG_WARN_OBJC_ROOT_CLASS = YES_ERROR;
				CLANG_WARN_SUSPICIOUS_MOVE = YES;
				CLANG_WARN_UNREACHABLE_CODE = YES;
				CLANG_WARN__DUPLICATE_METHOD_MATCH = YES;
				"CODE_SIGN_IDENTITY[sdk=iphoneos*]" = "iPhone Developer";
				COPY_PHASE_STRIP = NO;
				DEBUG_INFORMATION_FORMAT = dwarf;
				ENABLE_STRICT_OBJC_MSGSEND = YES;
				ENABLE_TESTABILITY = YES;
				GCC_C_LANGUAGE_STANDARD = gnu99;
				GCC_DYNAMIC_NO_PIC = NO;
				GCC_NO_COMMON_BLOCKS = YES;
				GCC_OPTIMIZATION_LEVEL = 0;
				GCC_PREPROCESSOR_DEFINITIONS = (
					"DEBUG=1",
					"$(inherited)",
				);
				GCC_WARN_64_TO_32_BIT_CONVERSION = YES;
				GCC_WARN_ABOUT_RETURN_TYPE = YES_ERROR;
				GCC_WARN_UNDECLARED_SELECTOR = YES;
				GCC_WARN_UNINITIALIZED_AUTOS = YES_AGGRESSIVE;
				GCC_WARN_UNUSED_FUNCTION = YES;
				GCC_WARN_UNUSED_VARIABLE = YES;
				IPHONEOS_DEPLOYMENT_TARGET = 9.3;
				MTL_ENABLE_DEBUG_INFO = YES;
				ONLY_ACTIVE_ARCH = YES;
				SDKROOT = iphoneos;
				TARGETED_DEVICE_FAMILY = "1,2";
			};
			name = Debug;
		};
		17D96A8B1C3988FF000738EB /* Release */ = {
			isa = XCBuildConfiguration;
			buildSettings = {
				ALWAYS_SEARCH_USER_PATHS = NO;
				CLANG_CXX_LANGUAGE_STANDARD = "gnu++0x";
				CLANG_CXX_LIBRARY = "libc++";
				CLANG_ENABLE_MODULES = YES;
				CLANG_ENABLE_OBJC_ARC = YES;
				CLANG_WARN_BOOL_CONVERSION = YES;
				CLANG_WARN_CONSTANT_CONVERSION = YES;
				CLANG_WARN_DIRECT_OBJC_ISA_USAGE = YES_ERROR;
				CLANG_WARN_EMPTY_BODY = YES;
				CLANG_WARN_ENUM_CONVERSION = YES;
				CLANG_WARN_INFINITE_RECURSION = YES;
				CLANG_WARN_INT_CONVERSION = YES;
				CLANG_WARN_OBJC_ROOT_CLASS = YES_ERROR;
				CLANG_WARN_SUSPICIOUS_MOVE = YES;
				CLANG_WARN_UNREACHABLE_CODE = YES;
				CLANG_WARN__DUPLICATE_METHOD_MATCH = YES;
				"CODE_SIGN_IDENTITY[sdk=iphoneos*]" = "iPhone Developer";
				COPY_PHASE_STRIP = NO;
				DEBUG_INFORMATION_FORMAT = "dwarf-with-dsym";
				ENABLE_NS_ASSERTIONS = NO;
				ENABLE_STRICT_OBJC_MSGSEND = YES;
				GCC_C_LANGUAGE_STANDARD = gnu99;
				GCC_NO_COMMON_BLOCKS = YES;
				GCC_WARN_64_TO_32_BIT_CONVERSION = YES;
				GCC_WARN_ABOUT_RETURN_TYPE = YES_ERROR;
				GCC_WARN_UNDECLARED_SELECTOR = YES;
				GCC_WARN_UNINITIALIZED_AUTOS = YES_AGGRESSIVE;
				GCC_WARN_UNUSED_FUNCTION = YES;
				GCC_WARN_UNUSED_VARIABLE = YES;
				IPHONEOS_DEPLOYMENT_TARGET = 9.3;
				MTL_ENABLE_DEBUG_INFO = NO;
				SDKROOT = iphoneos;
				TARGETED_DEVICE_FAMILY = "1,2";
				VALIDATE_PRODUCT = YES;
			};
			name = Release;
		};
		17D96A8D1C3988FF000738EB /* Debug */ = {
			isa = XCBuildConfiguration;
			baseConfigurationReference = 655C564DDB97E76F00B98038 /* Pods-SViewCalculator.debug.xcconfig */;
			buildSettings = {
				ASSETCATALOG_COMPILER_APPICON_NAME = AppIcon;
				INFOPLIST_FILE = SViewCalculator/Info.plist;
				IPHONEOS_DEPLOYMENT_TARGET = 10.0;
				LD_RUNPATH_SEARCH_PATHS = "$(inherited) @executable_path/Frameworks";
				PRODUCT_BUNDLE_IDENTIFIER = AG.SViewCalculator;
				PRODUCT_NAME = "$(TARGET_NAME)";
			};
			name = Debug;
		};
		17D96A8E1C3988FF000738EB /* Release */ = {
			isa = XCBuildConfiguration;
			baseConfigurationReference = 5CD3FE1262EDB1FC0800A685 /* Pods-SViewCalculator.release.xcconfig */;
			buildSettings = {
				ASSETCATALOG_COMPILER_APPICON_NAME = AppIcon;
				INFOPLIST_FILE = SViewCalculator/Info.plist;
				IPHONEOS_DEPLOYMENT_TARGET = 10.0;
				LD_RUNPATH_SEARCH_PATHS = "$(inherited) @executable_path/Frameworks";
				PRODUCT_BUNDLE_IDENTIFIER = AG.SViewCalculator;
				PRODUCT_NAME = "$(TARGET_NAME)";
			};
			name = Release;
		};
		17D96A901C3988FF000738EB /* Debug */ = {
			isa = XCBuildConfiguration;
			baseConfigurationReference = FCAE98038E26E512DEF711B9 /* Pods-SViewCalculatorTests.debug.xcconfig */;
			buildSettings = {
				BUNDLE_LOADER = "$(TEST_HOST)";
				INFOPLIST_FILE = SViewCalculatorTests/Info.plist;
				LD_RUNPATH_SEARCH_PATHS = "$(inherited) @executable_path/Frameworks @loader_path/Frameworks";
				PRODUCT_BUNDLE_IDENTIFIER = AG.SViewCalculatorTests;
				PRODUCT_NAME = "$(TARGET_NAME)";
				TEST_HOST = "$(BUILT_PRODUCTS_DIR)/SViewCalculator.app/SViewCalculator";
			};
			name = Debug;
		};
		17D96A911C3988FF000738EB /* Release */ = {
			isa = XCBuildConfiguration;
			baseConfigurationReference = 3DE82F0C58D0A819AF4457AC /* Pods-SViewCalculatorTests.release.xcconfig */;
			buildSettings = {
				BUNDLE_LOADER = "$(TEST_HOST)";
				INFOPLIST_FILE = SViewCalculatorTests/Info.plist;
				LD_RUNPATH_SEARCH_PATHS = "$(inherited) @executable_path/Frameworks @loader_path/Frameworks";
				PRODUCT_BUNDLE_IDENTIFIER = AG.SViewCalculatorTests;
				PRODUCT_NAME = "$(TARGET_NAME)";
				TEST_HOST = "$(BUILT_PRODUCTS_DIR)/SViewCalculator.app/SViewCalculator";
			};
			name = Release;
		};
		17D96A931C3988FF000738EB /* Debug */ = {
			isa = XCBuildConfiguration;
			baseConfigurationReference = D9554B6AEF15229C27EDE54D /* Pods-SViewCalculatorUITests.debug.xcconfig */;
			buildSettings = {
				INFOPLIST_FILE = SViewCalculatorUITests/Info.plist;
				LD_RUNPATH_SEARCH_PATHS = "$(inherited) @executable_path/Frameworks @loader_path/Frameworks";
				PRODUCT_BUNDLE_IDENTIFIER = AG.SViewCalculatorUITests;
				PRODUCT_NAME = "$(TARGET_NAME)";
				SDKROOT = iphoneos;
				TEST_TARGET_NAME = SViewCalculator;
				USES_XCTRUNNER = YES;
			};
			name = Debug;
		};
		17D96A941C3988FF000738EB /* Release */ = {
			isa = XCBuildConfiguration;
			baseConfigurationReference = 4AFFC76CAB4A6F60FBD4FE98 /* Pods-SViewCalculatorUITests.release.xcconfig */;
			buildSettings = {
				INFOPLIST_FILE = SViewCalculatorUITests/Info.plist;
				LD_RUNPATH_SEARCH_PATHS = "$(inherited) @executable_path/Frameworks @loader_path/Frameworks";
				ONLY_ACTIVE_ARCH = YES;
				PRODUCT_BUNDLE_IDENTIFIER = AG.SViewCalculatorUITests;
				PRODUCT_NAME = "$(TARGET_NAME)";
				SDKROOT = iphoneos;
				TEST_TARGET_NAME = SViewCalculator;
				USES_XCTRUNNER = YES;
			};
			name = Release;
		};
/* End XCBuildConfiguration section */

/* Begin XCConfigurationList section */
		17D96A5A1C3988FF000738EB /* Build configuration list for PBXProject "SViewCalculator" */ = {
			isa = XCConfigurationList;
			buildConfigurations = (
				17D96A8A1C3988FF000738EB /* Debug */,
				17D96A8B1C3988FF000738EB /* Release */,
			);
			defaultConfigurationIsVisible = 0;
			defaultConfigurationName = Release;
		};
		17D96A8C1C3988FF000738EB /* Build configuration list for PBXNativeTarget "SViewCalculator" */ = {
			isa = XCConfigurationList;
			buildConfigurations = (
				17D96A8D1C3988FF000738EB /* Debug */,
				17D96A8E1C3988FF000738EB /* Release */,
			);
			defaultConfigurationIsVisible = 0;
			defaultConfigurationName = Release;
		};
		17D96A8F1C3988FF000738EB /* Build configuration list for PBXNativeTarget "SViewCalculatorTests" */ = {
			isa = XCConfigurationList;
			buildConfigurations = (
				17D96A901C3988FF000738EB /* Debug */,
				17D96A911C3988FF000738EB /* Release */,
			);
			defaultConfigurationIsVisible = 0;
			defaultConfigurationName = Release;
		};
		17D96A921C3988FF000738EB /* Build configuration list for PBXNativeTarget "SViewCalculatorUITests" */ = {
			isa = XCConfigurationList;
			buildConfigurations = (
				17D96A931C3988FF000738EB /* Debug */,
				17D96A941C3988FF000738EB /* Release */,
			);
			defaultConfigurationIsVisible = 0;
			defaultConfigurationName = Release;
		};
/* End XCConfigurationList section */
	};
	rootObject = 17D96A571C3988FF000738EB /* Project object */;
}
